
Microsoft Visual Studio Solution File, Format Version 12.00
# Visual Studio Version 17
VisualStudioVersion = 17.14.37216.2 d17.14
MinimumVisualStudioVersion = 10.0.40219.1
Project("{FAE04EC0-301F-11D3-BF4B-00C04F79EFBC}") = "UniGuide", "UniGuide\UniGuide.csproj", "{36F99E11-C797-4D8D-9C78-AEFC559DA7E4}"
EndProject
Global
	GlobalSection(SolutionConfigurationPlatforms) = preSolution
		Debug|Any CPU = Debug|Any CPU
		Release|Any CPU = Release|Any CPU
	EndGlobalSection
	GlobalSection(ProjectConfigurationPlatforms) = postSolution
		{36F99E11-C797-4D8D-9C78-AEFC559DA7E4}.Debug|Any CPU.ActiveCfg = Debug|Any CPU
		{36F99E11-C797-4D8D-9C78-AEFC559DA7E4}.Debug|Any CPU.Build.0 = Debug|Any CPU
		{36F99E11-C797-4D8D-9C78-AEFC559DA7E4}.Release|Any CPU.ActiveCfg = Release|Any CPU
		{36F99E11-C797-4D8D-9C78-AEFC559DA7E4}.Release|Any CPU.Build.0 = Release|Any CPU
	EndGlobalSection
	GlobalSection(SolutionProperties) = preSolution
		HideSolutionNode = FALSE
	EndGlobalSection
	GlobalSection(ExtensibilityGlobals) = postSolution
		SolutionGuid = {AA7FF0DB-7C6E-4F25-804A-B0618F263957}
	EndGlobalSection
EndGlobal
